
Microsoft Visual Studio Solution File, Format Version 12.00
# Visual Studio Version 17
VisualStudioVersion = 17.8.34330.188
MinimumVisualStudioVersion = 10.0.40219.1
Project("{2150E333-8FDC-42A3-9474-1A3956D46DE8}") = "Src", "Src", "{72A93734-B3C1-4DD0-99D9-01423F7F8835}"
EndProject
Project("{2150E333-8FDC-42A3-9474-1A3956D46DE8}") = "Core", "Core", "{35FF9125-98DD-4C45-853F-FB2D1988D4E1}"
EndProject
Project("{2150E333-8FDC-42A3-9474-1A3956D46DE8}") = "Infrastructure", "Infrastructure", "{E0F3F3EA-C486-4C95-9869-9642D56A8619}"
EndProject
Project("{2150E333-8FDC-42A3-9474-1A3956D46DE8}") = "Presentation", "Presentation", "{F70526AB-64CB-494F-91AE-E87C314DA829}"
EndProject
Project("{FAE04EC0-301F-11D3-BF4B-00C04F79EFBC}") = "Domain", "Domain\Domain.csproj", "{1B63804D-6877-4DB2-9A36-1295DC3D3428}"
EndProject
Project("{FAE04EC0-301F-11D3-BF4B-00C04F79EFBC}") = "Application", "Application\Application.csproj", "{6AFD14D7-D0EC-4D7F-820C-69710A73FB06}"
EndProject
Project("{FAE04EC0-301F-11D3-BF4B-00C04F79EFBC}") = "Infrastructure", "Infrastructure\Infrastructure.csproj", "{F0178CCA-ADDC-4085-BEA9-2619EE111980}"
EndProject
Project("{FAE04EC0-301F-11D3-BF4B-00C04F79EFBC}") = "Persistence", "Persistence\Persistence.csproj", "{6A5CFD36-EBC2-4A5A-BECB-BF8F35AF2CDF}"
EndProject
Project("{FAE04EC0-301F-11D3-BF4B-00C04F79EFBC}") = "WebApi", "WebApi\WebApi.csproj", "{94BC3493-A4D0-42ED-9C61-9E3F65ACE53C}"
EndProject
Global
	GlobalSection(SolutionConfigurationPlatforms) = preSolution
		Debug|Any CPU = Debug|Any CPU
		Release|Any CPU = Release|Any CPU
	EndGlobalSection
	GlobalSection(ProjectConfigurationPlatforms) = postSolution
		{1B63804D-6877-4DB2-9A36-1295DC3D3428}.Debug|Any CPU.ActiveCfg = Debug|Any CPU
		{1B63804D-6877-4DB2-9A36-1295DC3D3428}.Debug|Any CPU.Build.0 = Debug|Any CPU
		{1B63804D-6877-4DB2-9A36-1295DC3D3428}.Release|Any CPU.ActiveCfg = Release|Any CPU
		{1B63804D-6877-4DB2-9A36-1295DC3D3428}.Release|Any CPU.Build.0 = Release|Any CPU
		{6AFD14D7-D0EC-4D7F-820C-69710A73FB06}.Debug|Any CPU.ActiveCfg = Debug|Any CPU
		{6AFD14D7-D0EC-4D7F-820C-69710A73FB06}.Debug|Any CPU.Build.0 = Debug|Any CPU
		{6AFD14D7-D0EC-4D7F-820C-69710A73FB06}.Release|Any CPU.ActiveCfg = Release|Any CPU
		{6AFD14D7-D0EC-4D7F-820C-69710A73FB06}.Release|Any CPU.Build.0 = Release|Any CPU
		{F0178CCA-ADDC-4085-BEA9-2619EE111980}.Debug|Any CPU.ActiveCfg = Debug|Any CPU
		{F0178CCA-ADDC-4085-BEA9-2619EE111980}.Debug|Any CPU.Build.0 = Debug|Any CPU
		{F0178CCA-ADDC-4085-BEA9-2619EE111980}.Release|Any CPU.ActiveCfg = Release|Any CPU
		{F0178CCA-ADDC-4085-BEA9-2619EE111980}.Release|Any CPU.Build.0 = Release|Any CPU
		{6A5CFD36-EBC2-4A5A-BECB-BF8F35AF2CDF}.Debug|Any CPU.ActiveCfg = Debug|Any CPU
		{6A5CFD36-EBC2-4A5A-BECB-BF8F35AF2CDF}.Debug|Any CPU.Build.0 = Debug|Any CPU
		{6A5CFD36-EBC2-4A5A-BECB-BF8F35AF2CDF}.Release|Any CPU.ActiveCfg = Release|Any CPU
		{6A5CFD36-EBC2-4A5A-BECB-BF8F35AF2CDF}.Release|Any CPU.Build.0 = Release|Any CPU
		{94BC3493-A4D0-42ED-9C61-9E3F65ACE53C}.Debug|Any CPU.ActiveCfg = Debug|Any CPU
		{94BC3493-A4D0-42ED-9C61-9E3F65ACE53C}.Debug|Any CPU.Build.0 = Debug|Any CPU
		{94BC3493-A4D0-42ED-9C61-9E3F65ACE53C}.Release|Any CPU.ActiveCfg = Release|Any CPU
		{94BC3493-A4D0-42ED-9C61-9E3F65ACE53C}.Release|Any CPU.Build.0 = Release|Any CPU
	EndGlobalSection
	GlobalSection(SolutionProperties) = preSolution
		HideSolutionNode = FALSE
	EndGlobalSection
	GlobalSection(NestedProjects) = preSolution
		{35FF9125-98DD-4C45-853F-FB2D1988D4E1} = {72A93734-B3C1-4DD0-99D9-01423F7F8835}
		{E0F3F3EA-C486-4C95-9869-9642D56A8619} = {72A93734-B3C1-4DD0-99D9-01423F7F8835}
		{F70526AB-64CB-494F-91AE-E87C314DA829} = {72A93734-B3C1-4DD0-99D9-01423F7F8835}
		{1B63804D-6877-4DB2-9A36-1295DC3D3428} = {35FF9125-98DD-4C45-853F-FB2D1988D4E1}
		{6AFD14D7-D0EC-4D7F-820C-69710A73FB06} = {35FF9125-98DD-4C45-853F-FB2D1988D4E1}
		{F0178CCA-ADDC-4085-BEA9-2619EE111980} = {E0F3F3EA-C486-4C95-9869-9642D56A8619}
		{6A5CFD36-EBC2-4A5A-BECB-BF8F35AF2CDF} = {E0F3F3EA-C486-4C95-9869-9642D56A8619}
		{94BC3493-A4D0-42ED-9C61-9E3F65ACE53C} = {F70526AB-64CB-494F-91AE-E87C314DA829}
	EndGlobalSection
	GlobalSection(ExtensibilityGlobals) = postSolution
		SolutionGuid = {4A274A9E-29CE-4E1F-B44A-FA9669B44236}
	EndGlobalSection
EndGlobal
